
Microsoft Visual Studio Solution File, Format Version 12.00
# Visual Studio Version 17
VisualStudioVersion = 17.14.36616.10
MinimumVisualStudioVersion = 10.0.40219.1
Project("{FAE04EC0-301F-11D3-BF4B-00C04F79EFBC}") = "Reservas_Laboratorio", "Reservas_Laboratorio\Reservas_Laboratorio.csproj", "{0D1A6A03-97C1-4B3F-B5FE-BE1BF8C41705}"
EndProject
Global
	GlobalSection(SolutionConfigurationPlatforms) = preSolution
		Debug|Any CPU = Debug|Any CPU
		Release|Any CPU = Release|Any CPU
	EndGlobalSection
	GlobalSection(ProjectConfigurationPlatforms) = postSolution
		{0D1A6A03-97C1-4B3F-B5FE-BE1BF8C41705}.Debug|Any CPU.ActiveCfg = Debug|Any CPU
		{0D1A6A03-97C1-4B3F-B5FE-BE1BF8C41705}.Debug|Any CPU.Build.0 = Debug|Any CPU
		{0D1A6A03-97C1-4B3F-B5FE-BE1BF8C41705}.Release|Any CPU.ActiveCfg = Release|Any CPU
		{0D1A6A03-97C1-4B3F-B5FE-BE1BF8C41705}.Release|Any CPU.Build.0 = Release|Any CPU
	EndGlobalSection
	GlobalSection(SolutionProperties) = preSolution
		HideSolutionNode = FALSE
	EndGlobalSection
	GlobalSection(ExtensibilityGlobals) = postSolution
		SolutionGuid = {9E7B5C95-527E-4630-9055-8486A224A92B}
	EndGlobalSection
EndGlobal
